
Microsoft Visual Studio Solution File, Format Version 12.00
# Visual Studio 15
Project("{FAE04EC0-301F-11D3-BF4B-00C04F79EFBC}") = "Assembly-CSharp", "Assembly-CSharp.csproj", "{2594EDBB-3292-D952-BCFE-23A1327B4D20}"
EndProject
Project("{FAE04EC0-301F-11D3-BF4B-00C04F79EFBC}") = "Assembly-CSharp-Editor", "Assembly-CSharp-Editor.csproj", "{22E3A95A-56FF-E02E-C585-B0C5F78E2577}"
EndProject
Global
	GlobalSection(SolutionConfigurationPlatforms) = preSolution
		Debug|Any CPU = Debug|Any CPU
		Release|Any CPU = Release|Any CPU
	EndGlobalSection
	GlobalSection(ProjectConfigurationPlatforms) = postSolution
		{2594EDBB-3292-D952-BCFE-23A1327B4D20}.Debug|Any CPU.ActiveCfg = Debug|Any CPU
		{2594EDBB-3292-D952-BCFE-23A1327B4D20}.Debug|Any CPU.Build.0 = Debug|Any CPU
		{2594EDBB-3292-D952-BCFE-23A1327B4D20}.Release|Any CPU.ActiveCfg = Release|Any CPU
		{2594EDBB-3292-D952-BCFE-23A1327B4D20}.Release|Any CPU.Build.0 = Release|Any CPU
		{22E3A95A-56FF-E02E-C585-B0C5F78E2577}.Debug|Any CPU.ActiveCfg = Debug|Any CPU
		{22E3A95A-56FF-E02E-C585-B0C5F78E2577}.Debug|Any CPU.Build.0 = Debug|Any CPU
		{22E3A95A-56FF-E02E-C585-B0C5F78E2577}.Release|Any CPU.ActiveCfg = Release|Any CPU
		{22E3A95A-56FF-E02E-C585-B0C5F78E2577}.Release|Any CPU.Build.0 = Release|Any CPU
	EndGlobalSection
	GlobalSection(SolutionProperties) = preSolution
		HideSolutionNode = FALSE
	EndGlobalSection
EndGlobal
